// !$*UTF8*$!
{
	archiveVersion = 1;
	classes = {
	};
	objectVersion = 51;
	objects = {

/* Begin PBXBuildFile section */
		2C106BB924C0BFF20025FA6F /* APIManager.m in Sources */ = {isa = PBXBuildFile; fileRef = 2C106BB824C0BFF20025FA6F /* APIManager.m */; };
		2C11A2BD24CA5E3000003CA1 /* NumbersFactViewController.m in Sources */ = {isa = PBXBuildFile; fileRef = 2C11A2BC24CA5E3000003CA1 /* NumbersFactViewController.m */; };
		2C4F3D5124BCF8EE003D7B5C /* AppDelegate.m in Sources */ = {isa = PBXBuildFile; fileRef = 2C4F3D5024BCF8EE003D7B5C /* AppDelegate.m */; };
		2C4F3D5424BCF8EE003D7B5C /* SceneDelegate.m in Sources */ = {isa = PBXBuildFile; fileRef = 2C4F3D5324BCF8EE003D7B5C /* SceneDelegate.m */; };
		2C4F3D5A24BCF8EE003D7B5C /* Main.storyboard in Resources */ = {isa = PBXBuildFile; fileRef = 2C4F3D5824BCF8EE003D7B5C /* Main.storyboard */; };
		2C4F3D5C24BCF8EF003D7B5C /* Assets.xcassets in Resources */ = {isa = PBXBuildFile; fileRef = 2C4F3D5B24BCF8EF003D7B5C /* Assets.xcassets */; };
		2C4F3D5F24BCF8EF003D7B5C /* LaunchScreen.storyboard in Resources */ = {isa = PBXBuildFile; fileRef = 2C4F3D5D24BCF8EF003D7B5C /* LaunchScreen.storyboard */; };
		2C4F3D6224BCF8EF003D7B5C /* main.m in Sources */ = {isa = PBXBuildFile; fileRef = 2C4F3D6124BCF8EF003D7B5C /* main.m */; };
		2C4F3D6C24BCF8EF003D7B5C /* StudyNotesTests.m in Sources */ = {isa = PBXBuildFile; fileRef = 2C4F3D6B24BCF8EF003D7B5C /* StudyNotesTests.m */; };
		2C4F3D7724BCF8EF003D7B5C /* StudyNotesUITests.m in Sources */ = {isa = PBXBuildFile; fileRef = 2C4F3D7624BCF8EF003D7B5C /* StudyNotesUITests.m */; };
		2C55F4E924C73814006B48B1 /* NotificationSetup.m in Sources */ = {isa = PBXBuildFile; fileRef = 2C55F4E824C73814006B48B1 /* NotificationSetup.m */; };
		2C55F4EA24C73BCC006B48B1 /* UserNotifications.framework in Frameworks */ = {isa = PBXBuildFile; fileRef = 2C9E990C24C214B80009579F /* UserNotifications.framework */; };
		2C6D3FF324BF4FAD0041ABD2 /* UserSetting.m in Sources */ = {isa = PBXBuildFile; fileRef = 2C6D3FF224BF4FAD0041ABD2 /* UserSetting.m */; };
		2C96705124BE057F006CA805 /* HomeCollectionCell.m in Sources */ = {isa = PBXBuildFile; fileRef = 2C96705024BE057F006CA805 /* HomeCollectionCell.m */; };
		2C9D42D224CB6D3000BF275B /* DateTimeHelper.m in Sources */ = {isa = PBXBuildFile; fileRef = 2C9D42D124CB6D3000BF275B /* DateTimeHelper.m */; };
		2C9E990624C204BC0009579F /* SignupViewController.m in Sources */ = {isa = PBXBuildFile; fileRef = 2C9E990524C204BC0009579F /* SignupViewController.m */; };
		2CD4C8DF24BF4DE6001563A5 /* Note.m in Sources */ = {isa = PBXBuildFile; fileRef = 2CD4C8DE24BF4DE6001563A5 /* Note.m */; };
		2CE7555724BCFF6900861FEA /* LoginViewController.m in Sources */ = {isa = PBXBuildFile; fileRef = 2CE7555624BCFF6900861FEA /* LoginViewController.m */; };
		2CE7555A24BD006900861FEA /* HomeViewController.m in Sources */ = {isa = PBXBuildFile; fileRef = 2CE7555924BD006900861FEA /* HomeViewController.m */; };
		2CE7555D24BD016600861FEA /* SettingsViewController.m in Sources */ = {isa = PBXBuildFile; fileRef = 2CE7555C24BD016600861FEA /* SettingsViewController.m */; };
		2CE7556024BD067D00861FEA /* NotesFeedViewController.m in Sources */ = {isa = PBXBuildFile; fileRef = 2CE7555F24BD067D00861FEA /* NotesFeedViewController.m */; };
		2CE7556624BD089700861FEA /* NoteDetailsViewController.m in Sources */ = {isa = PBXBuildFile; fileRef = 2CE7556524BD089700861FEA /* NoteDetailsViewController.m */; };
		2CE7556924BD09CE00861FEA /* NoteCell.m in Sources */ = {isa = PBXBuildFile; fileRef = 2CE7556824BD09CE00861FEA /* NoteCell.m */; };
		2CE7556C24BD103F00861FEA /* CreateNoteViewController.m in Sources */ = {isa = PBXBuildFile; fileRef = 2CE7556B24BD103F00861FEA /* CreateNoteViewController.m */; };
		3E402AA28AC0017AAD49313E /* Pods_StudyNotes_StudyNotesUITests.framework in Frameworks */ = {isa = PBXBuildFile; fileRef = 7FAF01954054C7D50741C537 /* Pods_StudyNotes_StudyNotesUITests.framework */; };
		74777B16821483C6A58A9CC9 /* Pods_StudyNotes.framework in Frameworks */ = {isa = PBXBuildFile; fileRef = 307B814846B4555F7C228A59 /* Pods_StudyNotes.framework */; };
		B4647228A8041A2014A48B49 /* Pods_StudyNotesTests.framework in Frameworks */ = {isa = PBXBuildFile; fileRef = 273340661C1827CBA3764EA2 /* Pods_StudyNotesTests.framework */; };
/* End PBXBuildFile section */

/* Begin PBXContainerItemProxy section */
		2C4F3D6824BCF8EF003D7B5C /* PBXContainerItemProxy */ = {
			isa = PBXContainerItemProxy;
			containerPortal = 2C4F3D4424BCF8EE003D7B5C /* Project object */;
			proxyType = 1;
			remoteGlobalIDString = 2C4F3D4B24BCF8EE003D7B5C;
			remoteInfo = StudyNotes;
		};
		2C4F3D7324BCF8EF003D7B5C /* PBXContainerItemProxy */ = {
			isa = PBXContainerItemProxy;
			containerPortal = 2C4F3D4424BCF8EE003D7B5C /* Project object */;
			proxyType = 1;
			remoteGlobalIDString = 2C4F3D4B24BCF8EE003D7B5C;
			remoteInfo = StudyNotes;
		};
/* End PBXContainerItemProxy section */

/* Begin PBXCopyFilesBuildPhase section */
		2C9E991E24C214B80009579F /* Embed App Extensions */ = {
			isa = PBXCopyFilesBuildPhase;
			buildActionMask = 2147483647;
			dstPath = "";
			dstSubfolderSpec = 13;
			files = (
			);
			name = "Embed App Extensions";
			runOnlyForDeploymentPostprocessing = 0;
		};
/* End PBXCopyFilesBuildPhase section */

/* Begin PBXFileReference section */
		1961644E0216958B2055C18E /* Pods-StudyNotes.release.xcconfig */ = {isa = PBXFileReference; includeInIndex = 1; lastKnownFileType = text.xcconfig; name = "Pods-StudyNotes.release.xcconfig"; path = "Target Support Files/Pods-StudyNotes/Pods-StudyNotes.release.xcconfig"; sourceTree = "<group>"; };
		26C47840F9909B909CBF885C /* Pods-StudyNotes.debug.xcconfig */ = {isa = PBXFileReference; includeInIndex = 1; lastKnownFileType = text.xcconfig; name = "Pods-StudyNotes.debug.xcconfig"; path = "Target Support Files/Pods-StudyNotes/Pods-StudyNotes.debug.xcconfig"; sourceTree = "<group>"; };
		273340661C1827CBA3764EA2 /* Pods_StudyNotesTests.framework */ = {isa = PBXFileReference; explicitFileType = wrapper.framework; includeInIndex = 0; path = Pods_StudyNotesTests.framework; sourceTree = BUILT_PRODUCTS_DIR; };
		2C106BB724C0BFF20025FA6F /* APIManager.h */ = {isa = PBXFileReference; lastKnownFileType = sourcecode.c.h; path = APIManager.h; sourceTree = "<group>"; };
		2C106BB824C0BFF20025FA6F /* APIManager.m */ = {isa = PBXFileReference; lastKnownFileType = sourcecode.c.objc; path = APIManager.m; sourceTree = "<group>"; };
		2C11A2BB24CA5E3000003CA1 /* NumbersFactViewController.h */ = {isa = PBXFileReference; lastKnownFileType = sourcecode.c.h; path = NumbersFactViewController.h; sourceTree = "<group>"; };
		2C11A2BC24CA5E3000003CA1 /* NumbersFactViewController.m */ = {isa = PBXFileReference; lastKnownFileType = sourcecode.c.objc; path = NumbersFactViewController.m; sourceTree = "<group>"; };
		2C4F3D4C24BCF8EE003D7B5C /* StudyNotes.app */ = {isa = PBXFileReference; explicitFileType = wrapper.application; includeInIndex = 0; path = StudyNotes.app; sourceTree = BUILT_PRODUCTS_DIR; };
		2C4F3D4F24BCF8EE003D7B5C /* AppDelegate.h */ = {isa = PBXFileReference; lastKnownFileType = sourcecode.c.h; path = AppDelegate.h; sourceTree = "<group>"; };
		2C4F3D5024BCF8EE003D7B5C /* AppDelegate.m */ = {isa = PBXFileReference; lastKnownFileType = sourcecode.c.objc; path = AppDelegate.m; sourceTree = "<group>"; };
		2C4F3D5224BCF8EE003D7B5C /* SceneDelegate.h */ = {isa = PBXFileReference; lastKnownFileType = sourcecode.c.h; path = SceneDelegate.h; sourceTree = "<group>"; };
		2C4F3D5324BCF8EE003D7B5C /* SceneDelegate.m */ = {isa = PBXFileReference; lastKnownFileType = sourcecode.c.objc; path = SceneDelegate.m; sourceTree = "<group>"; };
		2C4F3D5924BCF8EE003D7B5C /* Base */ = {isa = PBXFileReference; lastKnownFileType = file.storyboard; name = Base; path = Base.lproj/Main.storyboard; sourceTree = "<group>"; };
		2C4F3D5B24BCF8EF003D7B5C /* Assets.xcassets */ = {isa = PBXFileReference; lastKnownFileType = folder.assetcatalog; path = Assets.xcassets; sourceTree = "<group>"; };
		2C4F3D5E24BCF8EF003D7B5C /* Base */ = {isa = PBXFileReference; lastKnownFileType = file.storyboard; name = Base; path = Base.lproj/LaunchScreen.storyboard; sourceTree = "<group>"; };
		2C4F3D6024BCF8EF003D7B5C /* Info.plist */ = {isa = PBXFileReference; lastKnownFileType = text.plist.xml; path = Info.plist; sourceTree = "<group>"; };
		2C4F3D6124BCF8EF003D7B5C /* main.m */ = {isa = PBXFileReference; lastKnownFileType = sourcecode.c.objc; path = main.m; sourceTree = "<group>"; };
		2C4F3D6724BCF8EF003D7B5C /* StudyNotesTests.xctest */ = {isa = PBXFileReference; explicitFileType = wrapper.cfbundle; includeInIndex = 0; path = StudyNotesTests.xctest; sourceTree = BUILT_PRODUCTS_DIR; };
		2C4F3D6B24BCF8EF003D7B5C /* StudyNotesTests.m */ = {isa = PBXFileReference; lastKnownFileType = sourcecode.c.objc; path = StudyNotesTests.m; sourceTree = "<group>"; };
		2C4F3D6D24BCF8EF003D7B5C /* Info.plist */ = {isa = PBXFileReference; lastKnownFileType = text.plist.xml; path = Info.plist; sourceTree = "<group>"; };
		2C4F3D7224BCF8EF003D7B5C /* StudyNotesUITests.xctest */ = {isa = PBXFileReference; explicitFileType = wrapper.cfbundle; includeInIndex = 0; path = StudyNotesUITests.xctest; sourceTree = BUILT_PRODUCTS_DIR; };
		2C4F3D7624BCF8EF003D7B5C /* StudyNotesUITests.m */ = {isa = PBXFileReference; lastKnownFileType = sourcecode.c.objc; path = StudyNotesUITests.m; sourceTree = "<group>"; };
		2C4F3D7824BCF8EF003D7B5C /* Info.plist */ = {isa = PBXFileReference; lastKnownFileType = text.plist.xml; path = Info.plist; sourceTree = "<group>"; };
		2C55F4E724C73814006B48B1 /* NotificationSetup.h */ = {isa = PBXFileReference; lastKnownFileType = sourcecode.c.h; path = NotificationSetup.h; sourceTree = "<group>"; };
		2C55F4E824C73814006B48B1 /* NotificationSetup.m */ = {isa = PBXFileReference; lastKnownFileType = sourcecode.c.objc; path = NotificationSetup.m; sourceTree = "<group>"; };
		2C6D3FF124BF4FAD0041ABD2 /* UserSetting.h */ = {isa = PBXFileReference; lastKnownFileType = sourcecode.c.h; path = UserSetting.h; sourceTree = "<group>"; };
		2C6D3FF224BF4FAD0041ABD2 /* UserSetting.m */ = {isa = PBXFileReference; lastKnownFileType = sourcecode.c.objc; path = UserSetting.m; sourceTree = "<group>"; };
		2C96704F24BE057F006CA805 /* HomeCollectionCell.h */ = {isa = PBXFileReference; lastKnownFileType = sourcecode.c.h; path = HomeCollectionCell.h; sourceTree = "<group>"; };
		2C96705024BE057F006CA805 /* HomeCollectionCell.m */ = {isa = PBXFileReference; lastKnownFileType = sourcecode.c.objc; path = HomeCollectionCell.m; sourceTree = "<group>"; };
		2C9D42D024CB6D3000BF275B /* DateTimeHelper.h */ = {isa = PBXFileReference; lastKnownFileType = sourcecode.c.h; path = DateTimeHelper.h; sourceTree = "<group>"; };
		2C9D42D124CB6D3000BF275B /* DateTimeHelper.m */ = {isa = PBXFileReference; lastKnownFileType = sourcecode.c.objc; path = DateTimeHelper.m; sourceTree = "<group>"; };
		2C9E990424C204BC0009579F /* SignupViewController.h */ = {isa = PBXFileReference; lastKnownFileType = sourcecode.c.h; path = SignupViewController.h; sourceTree = "<group>"; };
		2C9E990524C204BC0009579F /* SignupViewController.m */ = {isa = PBXFileReference; lastKnownFileType = sourcecode.c.objc; path = SignupViewController.m; sourceTree = "<group>"; };
		2C9E990C24C214B80009579F /* UserNotifications.framework */ = {isa = PBXFileReference; lastKnownFileType = wrapper.framework; name = UserNotifications.framework; path = System/Library/Frameworks/UserNotifications.framework; sourceTree = SDKROOT; };
		2C9E990E24C214B80009579F /* UserNotificationsUI.framework */ = {isa = PBXFileReference; lastKnownFileType = wrapper.framework; name = UserNotificationsUI.framework; path = System/Library/Frameworks/UserNotificationsUI.framework; sourceTree = SDKROOT; };
		2CD4C8DD24BF4DE6001563A5 /* Note.h */ = {isa = PBXFileReference; lastKnownFileType = sourcecode.c.h; path = Note.h; sourceTree = "<group>"; };
		2CD4C8DE24BF4DE6001563A5 /* Note.m */ = {isa = PBXFileReference; lastKnownFileType = sourcecode.c.objc; path = Note.m; sourceTree = "<group>"; };
		2CE7555524BCFF6900861FEA /* LoginViewController.h */ = {isa = PBXFileReference; lastKnownFileType = sourcecode.c.h; path = LoginViewController.h; sourceTree = "<group>"; };
		2CE7555624BCFF6900861FEA /* LoginViewController.m */ = {isa = PBXFileReference; lastKnownFileType = sourcecode.c.objc; path = LoginViewController.m; sourceTree = "<group>"; };
		2CE7555824BD006900861FEA /* HomeViewController.h */ = {isa = PBXFileReference; lastKnownFileType = sourcecode.c.h; path = HomeViewController.h; sourceTree = "<group>"; };
		2CE7555924BD006900861FEA /* HomeViewController.m */ = {isa = PBXFileReference; lastKnownFileType = sourcecode.c.objc; path = HomeViewController.m; sourceTree = "<group>"; };
		2CE7555B24BD016600861FEA /* SettingsViewController.h */ = {isa = PBXFileReference; lastKnownFileType = sourcecode.c.h; path = SettingsViewController.h; sourceTree = "<group>"; };
		2CE7555C24BD016600861FEA /* SettingsViewController.m */ = {isa = PBXFileReference; lastKnownFileType = sourcecode.c.objc; path = SettingsViewController.m; sourceTree = "<group>"; };
		2CE7555E24BD067D00861FEA /* NotesFeedViewController.h */ = {isa = PBXFileReference; lastKnownFileType = sourcecode.c.h; path = NotesFeedViewController.h; sourceTree = "<group>"; };
		2CE7555F24BD067D00861FEA /* NotesFeedViewController.m */ = {isa = PBXFileReference; lastKnownFileType = sourcecode.c.objc; path = NotesFeedViewController.m; sourceTree = "<group>"; };
		2CE7556424BD089700861FEA /* NoteDetailsViewController.h */ = {isa = PBXFileReference; lastKnownFileType = sourcecode.c.h; path = NoteDetailsViewController.h; sourceTree = "<group>"; };
		2CE7556524BD089700861FEA /* NoteDetailsViewController.m */ = {isa = PBXFileReference; lastKnownFileType = sourcecode.c.objc; path = NoteDetailsViewController.m; sourceTree = "<group>"; };
		2CE7556724BD09CE00861FEA /* NoteCell.h */ = {isa = PBXFileReference; lastKnownFileType = sourcecode.c.h; path = NoteCell.h; sourceTree = "<group>"; };
		2CE7556824BD09CE00861FEA /* NoteCell.m */ = {isa = PBXFileReference; lastKnownFileType = sourcecode.c.objc; path = NoteCell.m; sourceTree = "<group>"; };
		2CE7556A24BD103F00861FEA /* CreateNoteViewController.h */ = {isa = PBXFileReference; lastKnownFileType = sourcecode.c.h; path = CreateNoteViewController.h; sourceTree = "<group>"; };
		2CE7556B24BD103F00861FEA /* CreateNoteViewController.m */ = {isa = PBXFileReference; lastKnownFileType = sourcecode.c.objc; path = CreateNoteViewController.m; sourceTree = "<group>"; };
		307B814846B4555F7C228A59 /* Pods_StudyNotes.framework */ = {isa = PBXFileReference; explicitFileType = wrapper.framework; includeInIndex = 0; path = Pods_StudyNotes.framework; sourceTree = BUILT_PRODUCTS_DIR; };
		3B939A07C68BC805F3FEA20F /* Pods-StudyNotes-StudyNotesUITests.debug.xcconfig */ = {isa = PBXFileReference; includeInIndex = 1; lastKnownFileType = text.xcconfig; name = "Pods-StudyNotes-StudyNotesUITests.debug.xcconfig"; path = "Target Support Files/Pods-StudyNotes-StudyNotesUITests/Pods-StudyNotes-StudyNotesUITests.debug.xcconfig"; sourceTree = "<group>"; };
		7FAF01954054C7D50741C537 /* Pods_StudyNotes_StudyNotesUITests.framework */ = {isa = PBXFileReference; explicitFileType = wrapper.framework; includeInIndex = 0; path = Pods_StudyNotes_StudyNotesUITests.framework; sourceTree = BUILT_PRODUCTS_DIR; };
		8D59A66C7E95C51B61CBA6EE /* Pods-StudyNotesTests.debug.xcconfig */ = {isa = PBXFileReference; includeInIndex = 1; lastKnownFileType = text.xcconfig; name = "Pods-StudyNotesTests.debug.xcconfig"; path = "Target Support Files/Pods-StudyNotesTests/Pods-StudyNotesTests.debug.xcconfig"; sourceTree = "<group>"; };
		915EF24A70191715B8136CF3 /* Pods-StudyNotes-StudyNotesUITests.release.xcconfig */ = {isa = PBXFileReference; includeInIndex = 1; lastKnownFileType = text.xcconfig; name = "Pods-StudyNotes-StudyNotesUITests.release.xcconfig"; path = "Target Support Files/Pods-StudyNotes-StudyNotesUITests/Pods-StudyNotes-StudyNotesUITests.release.xcconfig"; sourceTree = "<group>"; };
		B1C4467736AF3879D51BE2E5 /* Pods-StudyNotesTests.release.xcconfig */ = {isa = PBXFileReference; includeInIndex = 1; lastKnownFileType = text.xcconfig; name = "Pods-StudyNotesTests.release.xcconfig"; path = "Target Support Files/Pods-StudyNotesTests/Pods-StudyNotesTests.release.xcconfig"; sourceTree = "<group>"; };
/* End PBXFileReference section */

/* Begin PBXFrameworksBuildPhase section */
		2C4F3D4924BCF8EE003D7B5C /* Frameworks */ = {
			isa = PBXFrameworksBuildPhase;
			buildActionMask = 2147483647;
			files = (
				2C55F4EA24C73BCC006B48B1 /* UserNotifications.framework in Frameworks */,
				74777B16821483C6A58A9CC9 /* Pods_StudyNotes.framework in Frameworks */,
			);
			runOnlyForDeploymentPostprocessing = 0;
		};
		2C4F3D6424BCF8EF003D7B5C /* Frameworks */ = {
			isa = PBXFrameworksBuildPhase;
			buildActionMask = 2147483647;
			files = (
				B4647228A8041A2014A48B49 /* Pods_StudyNotesTests.framework in Frameworks */,
			);
			runOnlyForDeploymentPostprocessing = 0;
		};
		2C4F3D6F24BCF8EF003D7B5C /* Frameworks */ = {
			isa = PBXFrameworksBuildPhase;
			buildActionMask = 2147483647;
			files = (
				3E402AA28AC0017AAD49313E /* Pods_StudyNotes_StudyNotesUITests.framework in Frameworks */,
			);
			runOnlyForDeploymentPostprocessing = 0;
		};
/* End PBXFrameworksBuildPhase section */

/* Begin PBXGroup section */
		0DFF4BB4D03BB0947CA56CF4 /* Pods */ = {
			isa = PBXGroup;
			children = (
				26C47840F9909B909CBF885C /* Pods-StudyNotes.debug.xcconfig */,
				1961644E0216958B2055C18E /* Pods-StudyNotes.release.xcconfig */,
				3B939A07C68BC805F3FEA20F /* Pods-StudyNotes-StudyNotesUITests.debug.xcconfig */,
				915EF24A70191715B8136CF3 /* Pods-StudyNotes-StudyNotesUITests.release.xcconfig */,
				8D59A66C7E95C51B61CBA6EE /* Pods-StudyNotesTests.debug.xcconfig */,
				B1C4467736AF3879D51BE2E5 /* Pods-StudyNotesTests.release.xcconfig */,
			);
			path = Pods;
			sourceTree = "<group>";
		};
		29224459822D066DF69186FF /* Frameworks */ = {
			isa = PBXGroup;
			children = (
				307B814846B4555F7C228A59 /* Pods_StudyNotes.framework */,
				7FAF01954054C7D50741C537 /* Pods_StudyNotes_StudyNotesUITests.framework */,
				273340661C1827CBA3764EA2 /* Pods_StudyNotesTests.framework */,
				2C9E990C24C214B80009579F /* UserNotifications.framework */,
				2C9E990E24C214B80009579F /* UserNotificationsUI.framework */,
			);
			name = Frameworks;
			sourceTree = "<group>";
		};
		2C106BB624C0BFD30025FA6F /* API */ = {
			isa = PBXGroup;
			children = (
				2C106BB724C0BFF20025FA6F /* APIManager.h */,
				2C106BB824C0BFF20025FA6F /* APIManager.m */,
			);
			path = API;
			sourceTree = "<group>";
		};
		2C4F3D4324BCF8EE003D7B5C = {
			isa = PBXGroup;
			children = (
				2C4F3D4E24BCF8EE003D7B5C /* StudyNotes */,
				2C4F3D6A24BCF8EF003D7B5C /* StudyNotesTests */,
				2C4F3D7524BCF8EF003D7B5C /* StudyNotesUITests */,
				2C4F3D4D24BCF8EE003D7B5C /* Products */,
				0DFF4BB4D03BB0947CA56CF4 /* Pods */,
				29224459822D066DF69186FF /* Frameworks */,
			);
			sourceTree = "<group>";
		};
		2C4F3D4D24BCF8EE003D7B5C /* Products */ = {
			isa = PBXGroup;
			children = (
				2C4F3D4C24BCF8EE003D7B5C /* StudyNotes.app */,
				2C4F3D6724BCF8EF003D7B5C /* StudyNotesTests.xctest */,
				2C4F3D7224BCF8EF003D7B5C /* StudyNotesUITests.xctest */,
			);
			name = Products;
			sourceTree = "<group>";
		};
		2C4F3D4E24BCF8EE003D7B5C /* StudyNotes */ = {
			isa = PBXGroup;
			children = (
				2C9D42CF24CB6D0C00BF275B /* Helper Methods */,
				2C55F4E624C737E3006B48B1 /* Notification */,
				2C106BB624C0BFD30025FA6F /* API */,
				2CE7555424BCFF4900861FEA /* Models */,
				2CE7555324BCFF3500861FEA /* View Controllers */,
				2CE7555224BCFF2500861FEA /* Views */,
				2C4F3D4F24BCF8EE003D7B5C /* AppDelegate.h */,
				2C4F3D5024BCF8EE003D7B5C /* AppDelegate.m */,
				2C4F3D5224BCF8EE003D7B5C /* SceneDelegate.h */,
				2C4F3D5324BCF8EE003D7B5C /* SceneDelegate.m */,
				2C4F3D5824BCF8EE003D7B5C /* Main.storyboard */,
				2C4F3D5B24BCF8EF003D7B5C /* Assets.xcassets */,
				2C4F3D5D24BCF8EF003D7B5C /* LaunchScreen.storyboard */,
				2C4F3D6024BCF8EF003D7B5C /* Info.plist */,
				2C4F3D6124BCF8EF003D7B5C /* main.m */,
			);
			path = StudyNotes;
			sourceTree = "<group>";
		};
		2C4F3D6A24BCF8EF003D7B5C /* StudyNotesTests */ = {
			isa = PBXGroup;
			children = (
				2C4F3D6B24BCF8EF003D7B5C /* StudyNotesTests.m */,
				2C4F3D6D24BCF8EF003D7B5C /* Info.plist */,
			);
			path = StudyNotesTests;
			sourceTree = "<group>";
		};
		2C4F3D7524BCF8EF003D7B5C /* StudyNotesUITests */ = {
			isa = PBXGroup;
			children = (
				2C4F3D7624BCF8EF003D7B5C /* StudyNotesUITests.m */,
				2C4F3D7824BCF8EF003D7B5C /* Info.plist */,
			);
			path = StudyNotesUITests;
			sourceTree = "<group>";
		};
		2C55F4E624C737E3006B48B1 /* Notification */ = {
			isa = PBXGroup;
			children = (
				2C55F4E724C73814006B48B1 /* NotificationSetup.h */,
				2C55F4E824C73814006B48B1 /* NotificationSetup.m */,
			);
			path = Notification;
			sourceTree = "<group>";
		};
		2C9D42CF24CB6D0C00BF275B /* Helper Methods */ = {
			isa = PBXGroup;
			children = (
				2C9D42D024CB6D3000BF275B /* DateTimeHelper.h */,
				2C9D42D124CB6D3000BF275B /* DateTimeHelper.m */,
			);
			path = "Helper Methods";
			sourceTree = "<group>";
		};
		2CE7555224BCFF2500861FEA /* Views */ = {
			isa = PBXGroup;
			children = (
				2CE7556724BD09CE00861FEA /* NoteCell.h */,
				2CE7556824BD09CE00861FEA /* NoteCell.m */,
				2C96704F24BE057F006CA805 /* HomeCollectionCell.h */,
				2C96705024BE057F006CA805 /* HomeCollectionCell.m */,
			);
			path = Views;
			sourceTree = "<group>";
		};
		2CE7555324BCFF3500861FEA /* View Controllers */ = {
			isa = PBXGroup;
			children = (
				2CE7555524BCFF6900861FEA /* LoginViewController.h */,
				2CE7555624BCFF6900861FEA /* LoginViewController.m */,
				2CE7555824BD006900861FEA /* HomeViewController.h */,
				2CE7555924BD006900861FEA /* HomeViewController.m */,
				2CE7555B24BD016600861FEA /* SettingsViewController.h */,
				2CE7555C24BD016600861FEA /* SettingsViewController.m */,
				2CE7555E24BD067D00861FEA /* NotesFeedViewController.h */,
				2CE7555F24BD067D00861FEA /* NotesFeedViewController.m */,
				2CE7556424BD089700861FEA /* NoteDetailsViewController.h */,
				2CE7556524BD089700861FEA /* NoteDetailsViewController.m */,
				2CE7556A24BD103F00861FEA /* CreateNoteViewController.h */,
				2CE7556B24BD103F00861FEA /* CreateNoteViewController.m */,
				2C9E990424C204BC0009579F /* SignupViewController.h */,
				2C9E990524C204BC0009579F /* SignupViewController.m */,
				2C11A2BB24CA5E3000003CA1 /* NumbersFactViewController.h */,
				2C11A2BC24CA5E3000003CA1 /* NumbersFactViewController.m */,
			);
			path = "View Controllers";
			sourceTree = "<group>";
		};
		2CE7555424BCFF4900861FEA /* Models */ = {
			isa = PBXGroup;
			children = (
				2CD4C8DD24BF4DE6001563A5 /* Note.h */,
				2CD4C8DE24BF4DE6001563A5 /* Note.m */,
				2C6D3FF124BF4FAD0041ABD2 /* UserSetting.h */,
				2C6D3FF224BF4FAD0041ABD2 /* UserSetting.m */,
			);
			path = Models;
			sourceTree = "<group>";
		};
/* End PBXGroup section */

/* Begin PBXNativeTarget section */
		2C4F3D4B24BCF8EE003D7B5C /* StudyNotes */ = {
			isa = PBXNativeTarget;
			buildConfigurationList = 2C4F3D7B24BCF8EF003D7B5C /* Build configuration list for PBXNativeTarget "StudyNotes" */;
			buildPhases = (
				1F48E7DBA09CC894FF4038CC /* [CP] Check Pods Manifest.lock */,
				2C4F3D4824BCF8EE003D7B5C /* Sources */,
				2C4F3D4924BCF8EE003D7B5C /* Frameworks */,
				2C4F3D4A24BCF8EE003D7B5C /* Resources */,
				0EA38176B7036C07581440A3 /* [CP] Embed Pods Frameworks */,
				2C9E991E24C214B80009579F /* Embed App Extensions */,
			);
			buildRules = (
			);
			dependencies = (
			);
			name = StudyNotes;
			productName = StudyNotes;
			productReference = 2C4F3D4C24BCF8EE003D7B5C /* StudyNotes.app */;
			productType = "com.apple.product-type.application";
		};
		2C4F3D6624BCF8EF003D7B5C /* StudyNotesTests */ = {
			isa = PBXNativeTarget;
			buildConfigurationList = 2C4F3D7E24BCF8EF003D7B5C /* Build configuration list for PBXNativeTarget "StudyNotesTests" */;
			buildPhases = (
				AC05BCF4D909F3EEC9BB8472 /* [CP] Check Pods Manifest.lock */,
				2C4F3D6324BCF8EF003D7B5C /* Sources */,
				2C4F3D6424BCF8EF003D7B5C /* Frameworks */,
				2C4F3D6524BCF8EF003D7B5C /* Resources */,
			);
			buildRules = (
			);
			dependencies = (
				2C4F3D6924BCF8EF003D7B5C /* PBXTargetDependency */,
			);
			name = StudyNotesTests;
			productName = StudyNotesTests;
			productReference = 2C4F3D6724BCF8EF003D7B5C /* StudyNotesTests.xctest */;
			productType = "com.apple.product-type.bundle.unit-test";
		};
		2C4F3D7124BCF8EF003D7B5C /* StudyNotesUITests */ = {
			isa = PBXNativeTarget;
			buildConfigurationList = 2C4F3D8124BCF8EF003D7B5C /* Build configuration list for PBXNativeTarget "StudyNotesUITests" */;
			buildPhases = (
				201E4208A48BECEA58A0F643 /* [CP] Check Pods Manifest.lock */,
				2C4F3D6E24BCF8EF003D7B5C /* Sources */,
				2C4F3D6F24BCF8EF003D7B5C /* Frameworks */,
				2C4F3D7024BCF8EF003D7B5C /* Resources */,
				B2DEC10D358F9B7D09862ABA /* [CP] Embed Pods Frameworks */,
			);
			buildRules = (
			);
			dependencies = (
				2C4F3D7424BCF8EF003D7B5C /* PBXTargetDependency */,
			);
			name = StudyNotesUITests;
			productName = StudyNotesUITests;
			productReference = 2C4F3D7224BCF8EF003D7B5C /* StudyNotesUITests.xctest */;
			productType = "com.apple.product-type.bundle.ui-testing";
		};
/* End PBXNativeTarget section */

/* Begin PBXProject section */
		2C4F3D4424BCF8EE003D7B5C /* Project object */ = {
			isa = PBXProject;
			attributes = {
				LastUpgradeCheck = 1150;
				ORGANIZATIONNAME = "Aayush Phuyal";
				TargetAttributes = {
					2C4F3D4B24BCF8EE003D7B5C = {
						CreatedOnToolsVersion = 11.5;
					};
					2C4F3D6624BCF8EF003D7B5C = {
						CreatedOnToolsVersion = 11.5;
						TestTargetID = 2C4F3D4B24BCF8EE003D7B5C;
					};
					2C4F3D7124BCF8EF003D7B5C = {
						CreatedOnToolsVersion = 11.5;
						TestTargetID = 2C4F3D4B24BCF8EE003D7B5C;
					};
				};
			};
			buildConfigurationList = 2C4F3D4724BCF8EE003D7B5C /* Build configuration list for PBXProject "StudyNotes" */;
			compatibilityVersion = "Xcode 9.3";
			developmentRegion = en;
			hasScannedForEncodings = 0;
			knownRegions = (
				en,
				Base,
			);
			mainGroup = 2C4F3D4324BCF8EE003D7B5C;
			productRefGroup = 2C4F3D4D24BCF8EE003D7B5C /* Products */;
			projectDirPath = "";
			projectRoot = "";
			targets = (
				2C4F3D4B24BCF8EE003D7B5C /* StudyNotes */,
				2C4F3D6624BCF8EF003D7B5C /* StudyNotesTests */,
				2C4F3D7124BCF8EF003D7B5C /* StudyNotesUITests */,
			);
		};
/* End PBXProject section */

/* Begin PBXResourcesBuildPhase section */
		2C4F3D4A24BCF8EE003D7B5C /* Resources */ = {
			isa = PBXResourcesBuildPhase;
			buildActionMask = 2147483647;
			files = (
				2C4F3D5F24BCF8EF003D7B5C /* LaunchScreen.storyboard in Resources */,
				2C4F3D5C24BCF8EF003D7B5C /* Assets.xcassets in Resources */,
				2C4F3D5A24BCF8EE003D7B5C /* Main.storyboard in Resources */,
			);
			runOnlyForDeploymentPostprocessing = 0;
		};
		2C4F3D6524BCF8EF003D7B5C /* Resources */ = {
			isa = PBXResourcesBuildPhase;
			buildActionMask = 2147483647;
			files = (
			);
			runOnlyForDeploymentPostprocessing = 0;
		};
		2C4F3D7024BCF8EF003D7B5C /* Resources */ = {
			isa = PBXResourcesBuildPhase;
			buildActionMask = 2147483647;
			files = (
			);
			runOnlyForDeploymentPostprocessing = 0;
		};
/* End PBXResourcesBuildPhase section */

/* Begin PBXShellScriptBuildPhase section */
		0EA38176B7036C07581440A3 /* [CP] Embed Pods Frameworks */ = {
			isa = PBXShellScriptBuildPhase;
			buildActionMask = 2147483647;
			files = (
			);
			inputFileListPaths = (
				"${PODS_ROOT}/Target Support Files/Pods-StudyNotes/Pods-StudyNotes-frameworks-${CONFIGURATION}-input-files.xcfilelist",
			);
			name = "[CP] Embed Pods Frameworks";
			outputFileListPaths = (
				"${PODS_ROOT}/Target Support Files/Pods-StudyNotes/Pods-StudyNotes-frameworks-${CONFIGURATION}-output-files.xcfilelist",
			);
			runOnlyForDeploymentPostprocessing = 0;
			shellPath = /bin/sh;
			shellScript = "\"${PODS_ROOT}/Target Support Files/Pods-StudyNotes/Pods-StudyNotes-frameworks.sh\"\n";
			showEnvVarsInLog = 0;
		};
		1F48E7DBA09CC894FF4038CC /* [CP] Check Pods Manifest.lock */ = {
			isa = PBXShellScriptBuildPhase;
			buildActionMask = 2147483647;
			files = (
			);
			inputFileListPaths = (
			);
			inputPaths = (
				"${PODS_PODFILE_DIR_PATH}/Podfile.lock",
				"${PODS_ROOT}/Manifest.lock",
			);
			name = "[CP] Check Pods Manifest.lock";
			outputFileListPaths = (
			);
			outputPaths = (
				"$(DERIVED_FILE_DIR)/Pods-StudyNotes-checkManifestLockResult.txt",
			);
			runOnlyForDeploymentPostprocessing = 0;
			shellPath = /bin/sh;
			shellScript = "diff \"${PODS_PODFILE_DIR_PATH}/Podfile.lock\" \"${PODS_ROOT}/Manifest.lock\" > /dev/null\nif [ $? != 0 ] ; then\n    # print error to STDERR\n    echo \"error: The sandbox is not in sync with the Podfile.lock. Run 'pod install' or update your CocoaPods installation.\" >&2\n    exit 1\nfi\n# This output is used by Xcode 'outputs' to avoid re-running this script phase.\necho \"SUCCESS\" > \"${SCRIPT_OUTPUT_FILE_0}\"\n";
			showEnvVarsInLog = 0;
		};
		201E4208A48BECEA58A0F643 /* [CP] Check Pods Manifest.lock */ = {
			isa = PBXShellScriptBuildPhase;
			buildActionMask = 2147483647;
			files = (
			);
			inputFileListPaths = (
			);
			inputPaths = (
				"${PODS_PODFILE_DIR_PATH}/Podfile.lock",
				"${PODS_ROOT}/Manifest.lock",
			);
			name = "[CP] Check Pods Manifest.lock";
			outputFileListPaths = (
			);
			outputPaths = (
				"$(DERIVED_FILE_DIR)/Pods-StudyNotes-StudyNotesUITests-checkManifestLockResult.txt",
			);
			runOnlyForDeploymentPostprocessing = 0;
			shellPath = /bin/sh;
			shellScript = "diff \"${PODS_PODFILE_DIR_PATH}/Podfile.lock\" \"${PODS_ROOT}/Manifest.lock\" > /dev/null\nif [ $? != 0 ] ; then\n    # print error to STDERR\n    echo \"error: The sandbox is not in sync with the Podfile.lock. Run 'pod install' or update your CocoaPods installation.\" >&2\n    exit 1\nfi\n# This output is used by Xcode 'outputs' to avoid re-running this script phase.\necho \"SUCCESS\" > \"${SCRIPT_OUTPUT_FILE_0}\"\n";
			showEnvVarsInLog = 0;
		};
		AC05BCF4D909F3EEC9BB8472 /* [CP] Check Pods Manifest.lock */ = {
			isa = PBXShellScriptBuildPhase;
			buildActionMask = 2147483647;
			files = (
			);
			inputFileListPaths = (
			);
			inputPaths = (
				"${PODS_PODFILE_DIR_PATH}/Podfile.lock",
				"${PODS_ROOT}/Manifest.lock",
			);
			name = "[CP] Check Pods Manifest.lock";
			outputFileListPaths = (
			);
			outputPaths = (
				"$(DERIVED_FILE_DIR)/Pods-StudyNotesTests-checkManifestLockResult.txt",
			);
			runOnlyForDeploymentPostprocessing = 0;
			shellPath = /bin/sh;
			shellScript = "diff \"${PODS_PODFILE_DIR_PATH}/Podfile.lock\" \"${PODS_ROOT}/Manifest.lock\" > /dev/null\nif [ $? != 0 ] ; then\n    # print error to STDERR\n    echo \"error: The sandbox is not in sync with the Podfile.lock. Run 'pod install' or update your CocoaPods installation.\" >&2\n    exit 1\nfi\n# This output is used by Xcode 'outputs' to avoid re-running this script phase.\necho \"SUCCESS\" > \"${SCRIPT_OUTPUT_FILE_0}\"\n";
			showEnvVarsInLog = 0;
		};
		B2DEC10D358F9B7D09862ABA /* [CP] Embed Pods Frameworks */ = {
			isa = PBXShellScriptBuildPhase;
			buildActionMask = 2147483647;
			files = (
			);
			inputFileListPaths = (
				"${PODS_ROOT}/Target Support Files/Pods-StudyNotes-StudyNotesUITests/Pods-StudyNotes-StudyNotesUITests-frameworks-${CONFIGURATION}-input-files.xcfilelist",
			);
			name = "[CP] Embed Pods Frameworks";
			outputFileListPaths = (
				"${PODS_ROOT}/Target Support Files/Pods-StudyNotes-StudyNotesUITests/Pods-StudyNotes-StudyNotesUITests-frameworks-${CONFIGURATION}-output-files.xcfilelist",
			);
			runOnlyForDeploymentPostprocessing = 0;
			shellPath = /bin/sh;
			shellScript = "\"${PODS_ROOT}/Target Support Files/Pods-StudyNotes-StudyNotesUITests/Pods-StudyNotes-StudyNotesUITests-frameworks.sh\"\n";
			showEnvVarsInLog = 0;
		};
/* End PBXShellScriptBuildPhase section */

/* Begin PBXSourcesBuildPhase section */
		2C4F3D4824BCF8EE003D7B5C /* Sources */ = {
			isa = PBXSourcesBuildPhase;
			buildActionMask = 2147483647;
			files = (
				2CE7556C24BD103F00861FEA /* CreateNoteViewController.m in Sources */,
				2C6D3FF324BF4FAD0041ABD2 /* UserSetting.m in Sources */,
				2C11A2BD24CA5E3000003CA1 /* NumbersFactViewController.m in Sources */,
				2C55F4E924C73814006B48B1 /* NotificationSetup.m in Sources */,
				2C9E990624C204BC0009579F /* SignupViewController.m in Sources */,
				2CE7556024BD067D00861FEA /* NotesFeedViewController.m in Sources */,
				2CE7556624BD089700861FEA /* NoteDetailsViewController.m in Sources */,
				2C96705124BE057F006CA805 /* HomeCollectionCell.m in Sources */,
				2CD4C8DF24BF4DE6001563A5 /* Note.m in Sources */,
				2CE7555724BCFF6900861FEA /* LoginViewController.m in Sources */,
				2C4F3D5124BCF8EE003D7B5C /* AppDelegate.m in Sources */,
				2CE7556924BD09CE00861FEA /* NoteCell.m in Sources */,
				2C4F3D6224BCF8EF003D7B5C /* main.m in Sources */,
				2C106BB924C0BFF20025FA6F /* APIManager.m in Sources */,
				2C9D42D224CB6D3000BF275B /* DateTimeHelper.m in Sources */,
				2CE7555D24BD016600861FEA /* SettingsViewController.m in Sources */,
				2CE7555A24BD006900861FEA /* HomeViewController.m in Sources */,
				2C4F3D5424BCF8EE003D7B5C /* SceneDelegate.m in Sources */,
			);
			runOnlyForDeploymentPostprocessing = 0;
		};
		2C4F3D6324BCF8EF003D7B5C /* Sources */ = {
			isa = PBXSourcesBuildPhase;
			buildActionMask = 2147483647;
			files = (
				2C4F3D6C24BCF8EF003D7B5C /* StudyNotesTests.m in Sources */,
			);
			runOnlyForDeploymentPostprocessing = 0;
		};
		2C4F3D6E24BCF8EF003D7B5C /* Sources */ = {
			isa = PBXSourcesBuildPhase;
			buildActionMask = 2147483647;
			files = (
				2C4F3D7724BCF8EF003D7B5C /* StudyNotesUITests.m in Sources */,
			);
			runOnlyForDeploymentPostprocessing = 0;
		};
/* End PBXSourcesBuildPhase section */

/* Begin PBXTargetDependency section */
		2C4F3D6924BCF8EF003D7B5C /* PBXTargetDependency */ = {
			isa = PBXTargetDependency;
			target = 2C4F3D4B24BCF8EE003D7B5C /* StudyNotes */;
			targetProxy = 2C4F3D6824BCF8EF003D7B5C /* PBXContainerItemProxy */;
		};
		2C4F3D7424BCF8EF003D7B5C /* PBXTargetDependency */ = {
			isa = PBXTargetDependency;
			target = 2C4F3D4B24BCF8EE003D7B5C /* StudyNotes */;
			targetProxy = 2C4F3D7324BCF8EF003D7B5C /* PBXContainerItemProxy */;
		};
/* End PBXTargetDependency section */

/* Begin PBXVariantGroup section */
		2C4F3D5824BCF8EE003D7B5C /* Main.storyboard */ = {
			isa = PBXVariantGroup;
			children = (
				2C4F3D5924BCF8EE003D7B5C /* Base */,
			);
			name = Main.storyboard;
			sourceTree = "<group>";
		};
		2C4F3D5D24BCF8EF003D7B5C /* LaunchScreen.storyboard */ = {
			isa = PBXVariantGroup;
			children = (
				2C4F3D5E24BCF8EF003D7B5C /* Base */,
			);
			name = LaunchScreen.storyboard;
			sourceTree = "<group>";
		};
/* End PBXVariantGroup section */

/* Begin XCBuildConfiguration section */
		2C4F3D7924BCF8EF003D7B5C /* Debug */ = {
			isa = XCBuildConfiguration;
			buildSettings = {
				ALWAYS_SEARCH_USER_PATHS = NO;
				CLANG_ANALYZER_NONNULL = YES;
				CLANG_ANALYZER_NUMBER_OBJECT_CONVERSION = YES_AGGRESSIVE;
				CLANG_CXX_LANGUAGE_STANDARD = "gnu++14";
				CLANG_CXX_LIBRARY = "libc++";
				CLANG_ENABLE_MODULES = YES;
				CLANG_ENABLE_OBJC_ARC = YES;
				CLANG_ENABLE_OBJC_WEAK = YES;
				CLANG_WARN_BLOCK_CAPTURE_AUTORELEASING = YES;
				CLANG_WARN_BOOL_CONVERSION = YES;
				CLANG_WARN_COMMA = YES;
				CLANG_WARN_CONSTANT_CONVERSION = YES;
				CLANG_WARN_DEPRECATED_OBJC_IMPLEMENTATIONS = YES;
				CLANG_WARN_DIRECT_OBJC_ISA_USAGE = YES_ERROR;
				CLANG_WARN_DOCUMENTATION_COMMENTS = YES;
				CLANG_WARN_EMPTY_BODY = YES;
				CLANG_WARN_ENUM_CONVERSION = YES;
				CLANG_WARN_INFINITE_RECURSION = YES;
				CLANG_WARN_INT_CONVERSION = YES;
				CLANG_WARN_NON_LITERAL_NULL_CONVERSION = YES;
				CLANG_WARN_OBJC_IMPLICIT_RETAIN_SELF = YES;
				CLANG_WARN_OBJC_LITERAL_CONVERSION = YES;
				CLANG_WARN_OBJC_ROOT_CLASS = YES_ERROR;
				CLANG_WARN_RANGE_LOOP_ANALYSIS = YES;
				CLANG_WARN_STRICT_PROTOTYPES = YES;
				CLANG_WARN_SUSPICIOUS_MOVE = YES;
				CLANG_WARN_UNGUARDED_AVAILABILITY = YES_AGGRESSIVE;
				CLANG_WARN_UNREACHABLE_CODE = YES;
				CLANG_WARN__DUPLICATE_METHOD_MATCH = YES;
				COPY_PHASE_STRIP = NO;
				DEBUG_INFORMATION_FORMAT = dwarf;
				ENABLE_STRICT_OBJC_MSGSEND = YES;
				ENABLE_TESTABILITY = YES;
				GCC_C_LANGUAGE_STANDARD = gnu11;
				GCC_DYNAMIC_NO_PIC = NO;
				GCC_NO_COMMON_BLOCKS = YES;
				GCC_OPTIMIZATION_LEVEL = 0;
				GCC_PREPROCESSOR_DEFINITIONS = (
					"DEBUG=1",
					"$(inherited)",
				);
				GCC_WARN_64_TO_32_BIT_CONVERSION = YES;
				GCC_WARN_ABOUT_RETURN_TYPE = YES_ERROR;
				GCC_WARN_UNDECLARED_SELECTOR = YES;
				GCC_WARN_UNINITIALIZED_AUTOS = YES_AGGRESSIVE;
				GCC_WARN_UNUSED_FUNCTION = YES;
				GCC_WARN_UNUSED_VARIABLE = YES;
				IPHONEOS_DEPLOYMENT_TARGET = 13.5;
				MTL_ENABLE_DEBUG_INFO = INCLUDE_SOURCE;
				MTL_FAST_MATH = YES;
				ONLY_ACTIVE_ARCH = YES;
				SDKROOT = iphoneos;
			};
			name = Debug;
		};
		2C4F3D7A24BCF8EF003D7B5C /* Release */ = {
			isa = XCBuildConfiguration;
			buildSettings = {
				ALWAYS_SEARCH_USER_PATHS = NO;
				CLANG_ANALYZER_NONNULL = YES;
				CLANG_ANALYZER_NUMBER_OBJECT_CONVERSION = YES_AGGRESSIVE;
				CLANG_CXX_LANGUAGE_STANDARD = "gnu++14";
				CLANG_CXX_LIBRARY = "libc++";
				CLANG_ENABLE_MODULES = YES;
				CLANG_ENABLE_OBJC_ARC = YES;
				CLANG_ENABLE_OBJC_WEAK = YES;
				CLANG_WARN_BLOCK_CAPTURE_AUTORELEASING = YES;
				CLANG_WARN_BOOL_CONVERSION = YES;
				CLANG_WARN_COMMA = YES;
				CLANG_WARN_CONSTANT_CONVERSION = YES;
				CLANG_WARN_DEPRECATED_OBJC_IMPLEMENTATIONS = YES;
				CLANG_WARN_DIRECT_OBJC_ISA_USAGE = YES_ERROR;
				CLANG_WARN_DOCUMENTATION_COMMENTS = YES;
				CLANG_WARN_EMPTY_BODY = YES;
				CLANG_WARN_ENUM_CONVERSION = YES;
				CLANG_WARN_INFINITE_RECURSION = YES;
				CLANG_WARN_INT_CONVERSION = YES;
				CLANG_WARN_NON_LITERAL_NULL_CONVERSION = YES;
				CLANG_WARN_OBJC_IMPLICIT_RETAIN_SELF = YES;
				CLANG_WARN_OBJC_LITERAL_CONVERSION = YES;
				CLANG_WARN_OBJC_ROOT_CLASS = YES_ERROR;
				CLANG_WARN_RANGE_LOOP_ANALYSIS = YES;
				CLANG_WARN_STRICT_PROTOTYPES = YES;
				CLANG_WARN_SUSPICIOUS_MOVE = YES;
				CLANG_WARN_UNGUARDED_AVAILABILITY = YES_AGGRESSIVE;
				CLANG_WARN_UNREACHABLE_CODE = YES;
				CLANG_WARN__DUPLICATE_METHOD_MATCH = YES;
				COPY_PHASE_STRIP = NO;
				DEBUG_INFORMATION_FORMAT = "dwarf-with-dsym";
				ENABLE_NS_ASSERTIONS = NO;
				ENABLE_STRICT_OBJC_MSGSEND = YES;
				GCC_C_LANGUAGE_STANDARD = gnu11;
				GCC_NO_COMMON_BLOCKS = YES;
				GCC_WARN_64_TO_32_BIT_CONVERSION = YES;
				GCC_WARN_ABOUT_RETURN_TYPE = YES_ERROR;
				GCC_WARN_UNDECLARED_SELECTOR = YES;
				GCC_WARN_UNINITIALIZED_AUTOS = YES_AGGRESSIVE;
				GCC_WARN_UNUSED_FUNCTION = YES;
				GCC_WARN_UNUSED_VARIABLE = YES;
				IPHONEOS_DEPLOYMENT_TARGET = 13.5;
				MTL_ENABLE_DEBUG_INFO = NO;
				MTL_FAST_MATH = YES;
				SDKROOT = iphoneos;
				VALIDATE_PRODUCT = YES;
			};
			name = Release;
		};
		2C4F3D7C24BCF8EF003D7B5C /* Debug */ = {
			isa = XCBuildConfiguration;
			baseConfigurationReference = 26C47840F9909B909CBF885C /* Pods-StudyNotes.debug.xcconfig */;
			buildSettings = {
				ASSETCATALOG_COMPILER_APPICON_NAME = AppIcon;
				CODE_SIGN_STYLE = Automatic;
				DEVELOPMENT_TEAM = 6AUGJR3KMV;
				INFOPLIST_FILE = StudyNotes/Info.plist;
				LD_RUNPATH_SEARCH_PATHS = (
					"$(inherited)",
					"@executable_path/Frameworks",
				);
				PRODUCT_BUNDLE_IDENTIFIER = com.aayushphuyal.StudyNotes;
				PRODUCT_NAME = "$(TARGET_NAME)";
				TARGETED_DEVICE_FAMILY = "1,2";
			};
			name = Debug;
		};
		2C4F3D7D24BCF8EF003D7B5C /* Release */ = {
			isa = XCBuildConfiguration;
			baseConfigurationReference = 1961644E0216958B2055C18E /* Pods-StudyNotes.release.xcconfig */;
			buildSettings = {
				ASSETCATALOG_COMPILER_APPICON_NAME = AppIcon;
				CODE_SIGN_STYLE = Automatic;
				DEVELOPMENT_TEAM = 6AUGJR3KMV;
				INFOPLIST_FILE = StudyNotes/Info.plist;
				LD_RUNPATH_SEARCH_PATHS = (
					"$(inherited)",
					"@executable_path/Frameworks",
				);
				PRODUCT_BUNDLE_IDENTIFIER = com.aayushphuyal.StudyNotes;
				PRODUCT_NAME = "$(TARGET_NAME)";
				TARGETED_DEVICE_FAMILY = "1,2";
			};
			name = Release;
		};
		2C4F3D7F24BCF8EF003D7B5C /* Debug */ = {
			isa = XCBuildConfiguration;
			baseConfigurationReference = 8D59A66C7E95C51B61CBA6EE /* Pods-StudyNotesTests.debug.xcconfig */;
			buildSettings = {
				BUNDLE_LOADER = "$(TEST_HOST)";
				CODE_SIGN_STYLE = Automatic;
				INFOPLIST_FILE = StudyNotesTests/Info.plist;
				IPHONEOS_DEPLOYMENT_TARGET = 13.5;
				LD_RUNPATH_SEARCH_PATHS = (
					"$(inherited)",
					"@executable_path/Frameworks",
					"@loader_path/Frameworks",
				);
				PRODUCT_BUNDLE_IDENTIFIER = com.aayushphuyal.StudyNotesTests;
				PRODUCT_NAME = "$(TARGET_NAME)";
				TARGETED_DEVICE_FAMILY = "1,2";
				TEST_HOST = "$(BUILT_PRODUCTS_DIR)/StudyNotes.app/StudyNotes";
			};
			name = Debug;
		};
		2C4F3D8024BCF8EF003D7B5C /* Release */ = {
			isa = XCBuildConfiguration;
			baseConfigurationReference = B1C4467736AF3879D51BE2E5 /* Pods-StudyNotesTests.release.xcconfig */;
			buildSettings = {
				BUNDLE_LOADER = "$(TEST_HOST)";
				CODE_SIGN_STYLE = Automatic;
				INFOPLIST_FILE = StudyNotesTests/Info.plist;
				IPHONEOS_DEPLOYMENT_TARGET = 13.5;
				LD_RUNPATH_SEARCH_PATHS = (
					"$(inherited)",
					"@executable_path/Frameworks",
					"@loader_path/Frameworks",
				);
				PRODUCT_BUNDLE_IDENTIFIER = com.aayushphuyal.StudyNotesTests;
				PRODUCT_NAME = "$(TARGET_NAME)";
				TARGETED_DEVICE_FAMILY = "1,2";
				TEST_HOST = "$(BUILT_PRODUCTS_DIR)/StudyNotes.app/StudyNotes";
			};
			name = Release;
		};
		2C4F3D8224BCF8EF003D7B5C /* Debug */ = {
			isa = XCBuildConfiguration;
			baseConfigurationReference = 3B939A07C68BC805F3FEA20F /* Pods-StudyNotes-StudyNotesUITests.debug.xcconfig */;
			buildSettings = {
				CODE_SIGN_STYLE = Automatic;
				INFOPLIST_FILE = StudyNotesUITests/Info.plist;
				LD_RUNPATH_SEARCH_PATHS = (
					"$(inherited)",
					"@executable_path/Frameworks",
					"@loader_path/Frameworks",
				);
				PRODUCT_BUNDLE_IDENTIFIER = com.aayushphuyal.StudyNotesUITests;
				PRODUCT_NAME = "$(TARGET_NAME)";
				TARGETED_DEVICE_FAMILY = "1,2";
				TEST_TARGET_NAME = StudyNotes;
			};
			name = Debug;
		};
		2C4F3D8324BCF8EF003D7B5C /* Release */ = {
			isa = XCBuildConfiguration;
			baseConfigurationReference = 915EF24A70191715B8136CF3 /* Pods-StudyNotes-StudyNotesUITests.release.xcconfig */;
			buildSettings = {
				CODE_SIGN_STYLE = Automatic;
				INFOPLIST_FILE = StudyNotesUITests/Info.plist;
				LD_RUNPATH_SEARCH_PATHS = (
					"$(inherited)",
					"@executable_path/Frameworks",
					"@loader_path/Frameworks",
				);
				PRODUCT_BUNDLE_IDENTIFIER = com.aayushphuyal.StudyNotesUITests;
				PRODUCT_NAME = "$(TARGET_NAME)";
				TARGETED_DEVICE_FAMILY = "1,2";
				TEST_TARGET_NAME = StudyNotes;
			};
			name = Release;
		};
/* End XCBuildConfiguration section */

/* Begin XCConfigurationList section */
		2C4F3D4724BCF8EE003D7B5C /* Build configuration list for PBXProject "StudyNotes" */ = {
			isa = XCConfigurationList;
			buildConfigurations = (
				2C4F3D7924BCF8EF003D7B5C /* Debug */,
				2C4F3D7A24BCF8EF003D7B5C /* Release */,
			);
			defaultConfigurationIsVisible = 0;
			defaultConfigurationName = Release;
		};
		2C4F3D7B24BCF8EF003D7B5C /* Build configuration list for PBXNativeTarget "StudyNotes" */ = {
			isa = XCConfigurationList;
			buildConfigurations = (
				2C4F3D7C24BCF8EF003D7B5C /* Debug */,
				2C4F3D7D24BCF8EF003D7B5C /* Release */,
			);
			defaultConfigurationIsVisible = 0;
			defaultConfigurationName = Release;
		};
		2C4F3D7E24BCF8EF003D7B5C /* Build configuration list for PBXNativeTarget "StudyNotesTests" */ = {
			isa = XCConfigurationList;
			buildConfigurations = (
				2C4F3D7F24BCF8EF003D7B5C /* Debug */,
				2C4F3D8024BCF8EF003D7B5C /* Release */,
			);
			defaultConfigurationIsVisible = 0;
			defaultConfigurationName = Release;
		};
		2C4F3D8124BCF8EF003D7B5C /* Build configuration list for PBXNativeTarget "StudyNotesUITests" */ = {
			isa = XCConfigurationList;
			buildConfigurations = (
				2C4F3D8224BCF8EF003D7B5C /* Debug */,
				2C4F3D8324BCF8EF003D7B5C /* Release */,
			);
			defaultConfigurationIsVisible = 0;
			defaultConfigurationName = Release;
		};
/* End XCConfigurationList section */
	};
	rootObject = 2C4F3D4424BCF8EE003D7B5C /* Project object */;
}
